
Microsoft Visual Studio Solution File, Format Version 12.00
# Visual Studio Version 16
VisualStudioVersion = 16.0.31624.102
MinimumVisualStudioVersion = 10.0.40219.1
Project("{FAE04EC0-301F-11D3-BF4B-00C04F79EFBC}") = "SP_MedicalGroup", "SP_MedicalGroup\SP_MedicalGroup.csproj", "{635E4741-6AF3-4836-9506-C7E69DAF9084}"
EndProject
Global
	GlobalSection(SolutionConfigurationPlatforms) = preSolution
		Debug|Any CPU = Debug|Any CPU
		Release|Any CPU = Release|Any CPU
	EndGlobalSection
	GlobalSection(ProjectConfigurationPlatforms) = postSolution
		{635E4741-6AF3-4836-9506-C7E69DAF9084}.Debug|Any CPU.ActiveCfg = Debug|Any CPU
		{635E4741-6AF3-4836-9506-C7E69DAF9084}.Debug|Any CPU.Build.0 = Debug|Any CPU
		{635E4741-6AF3-4836-9506-C7E69DAF9084}.Release|Any CPU.ActiveCfg = Release|Any CPU
		{635E4741-6AF3-4836-9506-C7E69DAF9084}.Release|Any CPU.Build.0 = Release|Any CPU
	EndGlobalSection
	GlobalSection(SolutionProperties) = preSolution
		HideSolutionNode = FALSE
	EndGlobalSection
	GlobalSection(ExtensibilityGlobals) = postSolution
		SolutionGuid = {1328375A-27E0-4DD1-B7F2-6AADEED9E5FD}
	EndGlobalSection
EndGlobal
